
Microsoft Visual Studio Solution File, Format Version 12.00
# Visual Studio Version 16
VisualStudioVersion = 16.0.28803.202
MinimumVisualStudioVersion = 10.0.40219.1
Project("{9A19103F-16F7-4668-BE54-9A1E7A4F7556}") = "CaseStock.UI", "src\CaseStock.UI\CaseStock.UI.csproj", "{26FE52E9-866D-434F-B031-5E4C94A358EA}"
EndProject
Project("{FAE04EC0-301F-11D3-BF4B-00C04F79EFBC}") = "CaseStock.Data", "src\CaseStock.Data\CaseStock.Data.csproj", "{75B3978D-08C9-4DCF-9947-DA585225A3E7}"
EndProject
Project("{FAE04EC0-301F-11D3-BF4B-00C04F79EFBC}") = "CaseStock.Identity", "src\CaseStock.Identity\CaseStock.Identity.csproj", "{9902F8CA-91DF-41C4-8E27-6774CCC0B234}"
EndProject
Global
	GlobalSection(SolutionConfigurationPlatforms) = preSolution
		Debug|Any CPU = Debug|Any CPU
		Release|Any CPU = Release|Any CPU
	EndGlobalSection
	GlobalSection(ProjectConfigurationPlatforms) = postSolution
		{26FE52E9-866D-434F-B031-5E4C94A358EA}.Debug|Any CPU.ActiveCfg = Debug|Any CPU
		{26FE52E9-866D-434F-B031-5E4C94A358EA}.Debug|Any CPU.Build.0 = Debug|Any CPU
		{26FE52E9-866D-434F-B031-5E4C94A358EA}.Release|Any CPU.ActiveCfg = Release|Any CPU
		{26FE52E9-866D-434F-B031-5E4C94A358EA}.Release|Any CPU.Build.0 = Release|Any CPU
		{75B3978D-08C9-4DCF-9947-DA585225A3E7}.Debug|Any CPU.ActiveCfg = Debug|Any CPU
		{75B3978D-08C9-4DCF-9947-DA585225A3E7}.Debug|Any CPU.Build.0 = Debug|Any CPU
		{75B3978D-08C9-4DCF-9947-DA585225A3E7}.Release|Any CPU.ActiveCfg = Release|Any CPU
		{75B3978D-08C9-4DCF-9947-DA585225A3E7}.Release|Any CPU.Build.0 = Release|Any CPU
		{9902F8CA-91DF-41C4-8E27-6774CCC0B234}.Debug|Any CPU.ActiveCfg = Debug|Any CPU
		{9902F8CA-91DF-41C4-8E27-6774CCC0B234}.Debug|Any CPU.Build.0 = Debug|Any CPU
		{9902F8CA-91DF-41C4-8E27-6774CCC0B234}.Release|Any CPU.ActiveCfg = Release|Any CPU
		{9902F8CA-91DF-41C4-8E27-6774CCC0B234}.Release|Any CPU.Build.0 = Release|Any CPU
	EndGlobalSection
	GlobalSection(SolutionProperties) = preSolution
		HideSolutionNode = FALSE
	EndGlobalSection
	GlobalSection(ExtensibilityGlobals) = postSolution
		SolutionGuid = {9CA1C6CC-CA53-472C-A80B-8D1C0B1CADA0}
	EndGlobalSection
EndGlobal
